
Microsoft Visual Studio Solution File, Format Version 12.00
# Visual Studio Version 17
VisualStudioVersion = 17.0.31903.59
MinimumVisualStudioVersion = 10.0.40219.1
Project("{FAE04EC0-301F-11D3-BF4B-00C04F79EFBC}") = "Project RPG", "Project RPG\Project RPG.csproj", "{047CA4AE-1897-4BB9-A493-409E40554405}"
EndProject
Project("{FAE04EC0-301F-11D3-BF4B-00C04F79EFBC}") = "HW2", "HW2\HW2.csproj", "{48BB32B6-CBEE-4D50-A3C8-9CC30639B3F5}"
EndProject
Project("{FAE04EC0-301F-11D3-BF4B-00C04F79EFBC}") = "Exam 1", "Exam 1\Exam 1.csproj", "{F152CF8F-614F-466A-A27B-860B34DD74FD}"
EndProject
Project("{FAE04EC0-301F-11D3-BF4B-00C04F79EFBC}") = "Exam 2", "Exam 2\Exam 2.csproj", "{7A477BA9-CEBF-44E0-9A95-F27E78ADF397}"
EndProject
Global
	GlobalSection(SolutionConfigurationPlatforms) = preSolution
		Debug|Any CPU = Debug|Any CPU
		Debug|x64 = Debug|x64
		Debug|x86 = Debug|x86
		Release|Any CPU = Release|Any CPU
		Release|x64 = Release|x64
		Release|x86 = Release|x86
	EndGlobalSection
	GlobalSection(ProjectConfigurationPlatforms) = postSolution
		{047CA4AE-1897-4BB9-A493-409E40554405}.Debug|Any CPU.ActiveCfg = Debug|Any CPU
		{047CA4AE-1897-4BB9-A493-409E40554405}.Debug|Any CPU.Build.0 = Debug|Any CPU
		{047CA4AE-1897-4BB9-A493-409E40554405}.Debug|x64.ActiveCfg = Debug|Any CPU
		{047CA4AE-1897-4BB9-A493-409E40554405}.Debug|x64.Build.0 = Debug|Any CPU
		{047CA4AE-1897-4BB9-A493-409E40554405}.Debug|x86.ActiveCfg = Debug|Any CPU
		{047CA4AE-1897-4BB9-A493-409E40554405}.Debug|x86.Build.0 = Debug|Any CPU
		{047CA4AE-1897-4BB9-A493-409E40554405}.Release|Any CPU.ActiveCfg = Release|Any CPU
		{047CA4AE-1897-4BB9-A493-409E40554405}.Release|Any CPU.Build.0 = Release|Any CPU
		{047CA4AE-1897-4BB9-A493-409E40554405}.Release|x64.ActiveCfg = Release|Any CPU
		{047CA4AE-1897-4BB9-A493-409E40554405}.Release|x64.Build.0 = Release|Any CPU
		{047CA4AE-1897-4BB9-A493-409E40554405}.Release|x86.ActiveCfg = Release|Any CPU
		{047CA4AE-1897-4BB9-A493-409E40554405}.Release|x86.Build.0 = Release|Any CPU
		{48BB32B6-CBEE-4D50-A3C8-9CC30639B3F5}.Debug|Any CPU.ActiveCfg = Debug|Any CPU
		{48BB32B6-CBEE-4D50-A3C8-9CC30639B3F5}.Debug|Any CPU.Build.0 = Debug|Any CPU
		{48BB32B6-CBEE-4D50-A3C8-9CC30639B3F5}.Debug|x64.ActiveCfg = Debug|Any CPU
		{48BB32B6-CBEE-4D50-A3C8-9CC30639B3F5}.Debug|x64.Build.0 = Debug|Any CPU
		{48BB32B6-CBEE-4D50-A3C8-9CC30639B3F5}.Debug|x86.ActiveCfg = Debug|Any CPU
		{48BB32B6-CBEE-4D50-A3C8-9CC30639B3F5}.Debug|x86.Build.0 = Debug|Any CPU
		{48BB32B6-CBEE-4D50-A3C8-9CC30639B3F5}.Release|Any CPU.ActiveCfg = Release|Any CPU
		{48BB32B6-CBEE-4D50-A3C8-9CC30639B3F5}.Release|Any CPU.Build.0 = Release|Any CPU
		{48BB32B6-CBEE-4D50-A3C8-9CC30639B3F5}.Release|x64.ActiveCfg = Release|Any CPU
		{48BB32B6-CBEE-4D50-A3C8-9CC30639B3F5}.Release|x64.Build.0 = Release|Any CPU
		{48BB32B6-CBEE-4D50-A3C8-9CC30639B3F5}.Release|x86.ActiveCfg = Release|Any CPU
		{48BB32B6-CBEE-4D50-A3C8-9CC30639B3F5}.Release|x86.Build.0 = Release|Any CPU
		{F152CF8F-614F-466A-A27B-860B34DD74FD}.Debug|Any CPU.ActiveCfg = Debug|Any CPU
		{F152CF8F-614F-466A-A27B-860B34DD74FD}.Debug|Any CPU.Build.0 = Debug|Any CPU
		{F152CF8F-614F-466A-A27B-860B34DD74FD}.Debug|x64.ActiveCfg = Debug|Any CPU
		{F152CF8F-614F-466A-A27B-860B34DD74FD}.Debug|x64.Build.0 = Debug|Any CPU
		{F152CF8F-614F-466A-A27B-860B34DD74FD}.Debug|x86.ActiveCfg = Debug|Any CPU
		{F152CF8F-614F-466A-A27B-860B34DD74FD}.Debug|x86.Build.0 = Debug|Any CPU
		{F152CF8F-614F-466A-A27B-860B34DD74FD}.Release|Any CPU.ActiveCfg = Release|Any CPU
		{F152CF8F-614F-466A-A27B-860B34DD74FD}.Release|Any CPU.Build.0 = Release|Any CPU
		{F152CF8F-614F-466A-A27B-860B34DD74FD}.Release|x64.ActiveCfg = Release|Any CPU
		{F152CF8F-614F-466A-A27B-860B34DD74FD}.Release|x64.Build.0 = Release|Any CPU
		{F152CF8F-614F-466A-A27B-860B34DD74FD}.Release|x86.ActiveCfg = Release|Any CPU
		{F152CF8F-614F-466A-A27B-860B34DD74FD}.Release|x86.Build.0 = Release|Any CPU
		{7A477BA9-CEBF-44E0-9A95-F27E78ADF397}.Debug|Any CPU.ActiveCfg = Debug|Any CPU
		{7A477BA9-CEBF-44E0-9A95-F27E78ADF397}.Debug|Any CPU.Build.0 = Debug|Any CPU
		{7A477BA9-CEBF-44E0-9A95-F27E78ADF397}.Debug|x64.ActiveCfg = Debug|Any CPU
		{7A477BA9-CEBF-44E0-9A95-F27E78ADF397}.Debug|x64.Build.0 = Debug|Any CPU
		{7A477BA9-CEBF-44E0-9A95-F27E78ADF397}.Debug|x86.ActiveCfg = Debug|Any CPU
		{7A477BA9-CEBF-44E0-9A95-F27E78ADF397}.Debug|x86.Build.0 = Debug|Any CPU
		{7A477BA9-CEBF-44E0-9A95-F27E78ADF397}.Release|Any CPU.ActiveCfg = Release|Any CPU
		{7A477BA9-CEBF-44E0-9A95-F27E78ADF397}.Release|Any CPU.Build.0 = Release|Any CPU
		{7A477BA9-CEBF-44E0-9A95-F27E78ADF397}.Release|x64.ActiveCfg = Release|Any CPU
		{7A477BA9-CEBF-44E0-9A95-F27E78ADF397}.Release|x64.Build.0 = Release|Any CPU
		{7A477BA9-CEBF-44E0-9A95-F27E78ADF397}.Release|x86.ActiveCfg = Release|Any CPU
		{7A477BA9-CEBF-44E0-9A95-F27E78ADF397}.Release|x86.Build.0 = Release|Any CPU
	EndGlobalSection
	GlobalSection(SolutionProperties) = preSolution
		HideSolutionNode = FALSE
	EndGlobalSection
EndGlobal
